
Microsoft Visual Studio Solution File, Format Version 12.00
# Visual Studio Version 17
VisualStudioVersion = 17.1.32210.238
MinimumVisualStudioVersion = 10.0.40219.1
Project("{9A19103F-16F7-4668-BE54-9A1E7A4F7556}") = "PortfolioProject", "PortfolyoProjesi\PortfolioProject.csproj", "{CD59F3C6-AB94-4407-85EE-4B0C62F9F346}"
EndProject
Project("{9A19103F-16F7-4668-BE54-9A1E7A4F7556}") = "BusinessLayer", "BusinessLayer\BusinessLayer.csproj", "{4F972EBD-CA7B-41C7-8572-393E21FEF1A3}"
EndProject
Project("{9A19103F-16F7-4668-BE54-9A1E7A4F7556}") = "DataAccessLayer", "DataAccessLayer\DataAccessLayer.csproj", "{243DCCDB-4E2C-4D9B-B8C3-2A5DC4B55540}"
EndProject
Project("{9A19103F-16F7-4668-BE54-9A1E7A4F7556}") = "EntityLayer", "EntityLayer\EntityLayer.csproj", "{12A0F098-8652-4A3C-9400-8F05F33AB5F3}"
EndProject
Project("{9A19103F-16F7-4668-BE54-9A1E7A4F7556}") = "PortfolioProjectAPI", "PortfolyoProjesiAPI\PortfolioProjectAPI.csproj", "{B1122ABD-AC56-4A5B-A895-DFB37B7A0327}"
EndProject
Global
	GlobalSection(SolutionConfigurationPlatforms) = preSolution
		Debug|Any CPU = Debug|Any CPU
		Release|Any CPU = Release|Any CPU
	EndGlobalSection
	GlobalSection(ProjectConfigurationPlatforms) = postSolution
		{CD59F3C6-AB94-4407-85EE-4B0C62F9F346}.Debug|Any CPU.ActiveCfg = Debug|Any CPU
		{CD59F3C6-AB94-4407-85EE-4B0C62F9F346}.Debug|Any CPU.Build.0 = Debug|Any CPU
		{CD59F3C6-AB94-4407-85EE-4B0C62F9F346}.Release|Any CPU.ActiveCfg = Release|Any CPU
		{CD59F3C6-AB94-4407-85EE-4B0C62F9F346}.Release|Any CPU.Build.0 = Release|Any CPU
		{4F972EBD-CA7B-41C7-8572-393E21FEF1A3}.Debug|Any CPU.ActiveCfg = Debug|Any CPU
		{4F972EBD-CA7B-41C7-8572-393E21FEF1A3}.Debug|Any CPU.Build.0 = Debug|Any CPU
		{4F972EBD-CA7B-41C7-8572-393E21FEF1A3}.Release|Any CPU.ActiveCfg = Release|Any CPU
		{4F972EBD-CA7B-41C7-8572-393E21FEF1A3}.Release|Any CPU.Build.0 = Release|Any CPU
		{243DCCDB-4E2C-4D9B-B8C3-2A5DC4B55540}.Debug|Any CPU.ActiveCfg = Debug|Any CPU
		{243DCCDB-4E2C-4D9B-B8C3-2A5DC4B55540}.Debug|Any CPU.Build.0 = Debug|Any CPU
		{243DCCDB-4E2C-4D9B-B8C3-2A5DC4B55540}.Release|Any CPU.ActiveCfg = Release|Any CPU
		{243DCCDB-4E2C-4D9B-B8C3-2A5DC4B55540}.Release|Any CPU.Build.0 = Release|Any CPU
		{12A0F098-8652-4A3C-9400-8F05F33AB5F3}.Debug|Any CPU.ActiveCfg = Debug|Any CPU
		{12A0F098-8652-4A3C-9400-8F05F33AB5F3}.Debug|Any CPU.Build.0 = Debug|Any CPU
		{12A0F098-8652-4A3C-9400-8F05F33AB5F3}.Release|Any CPU.ActiveCfg = Release|Any CPU
		{12A0F098-8652-4A3C-9400-8F05F33AB5F3}.Release|Any CPU.Build.0 = Release|Any CPU
		{B1122ABD-AC56-4A5B-A895-DFB37B7A0327}.Debug|Any CPU.ActiveCfg = Debug|Any CPU
		{B1122ABD-AC56-4A5B-A895-DFB37B7A0327}.Debug|Any CPU.Build.0 = Debug|Any CPU
		{B1122ABD-AC56-4A5B-A895-DFB37B7A0327}.Release|Any CPU.ActiveCfg = Release|Any CPU
		{B1122ABD-AC56-4A5B-A895-DFB37B7A0327}.Release|Any CPU.Build.0 = Release|Any CPU
	EndGlobalSection
	GlobalSection(SolutionProperties) = preSolution
		HideSolutionNode = FALSE
	EndGlobalSection
	GlobalSection(ExtensibilityGlobals) = postSolution
		SolutionGuid = {3730F5C1-5330-4C81-B917-89B58E746BF6}
	EndGlobalSection
EndGlobal
